
Microsoft Visual Studio Solution File, Format Version 12.00
# Visual Studio Version 17
VisualStudioVersion = 17.5.002.0
MinimumVisualStudioVersion = 10.0.40219.1
Project("{9A19103F-16F7-4668-BE54-9A1E7A4F7556}") = "SubRotinas", "SubRotinas.csproj", "{B8E496AF-205D-4A13-B64F-086A50B0F52F}"
EndProject
Global
	GlobalSection(SolutionConfigurationPlatforms) = preSolution
		Debug|Any CPU = Debug|Any CPU
		Release|Any CPU = Release|Any CPU
	EndGlobalSection
	GlobalSection(ProjectConfigurationPlatforms) = postSolution
		{B8E496AF-205D-4A13-B64F-086A50B0F52F}.Debug|Any CPU.ActiveCfg = Debug|Any CPU
		{B8E496AF-205D-4A13-B64F-086A50B0F52F}.Debug|Any CPU.Build.0 = Debug|Any CPU
		{B8E496AF-205D-4A13-B64F-086A50B0F52F}.Release|Any CPU.ActiveCfg = Release|Any CPU
		{B8E496AF-205D-4A13-B64F-086A50B0F52F}.Release|Any CPU.Build.0 = Release|Any CPU
	EndGlobalSection
	GlobalSection(SolutionProperties) = preSolution
		HideSolutionNode = FALSE
	EndGlobalSection
	GlobalSection(ExtensibilityGlobals) = postSolution
		SolutionGuid = {3B513541-3E63-46A6-A1B0-F6DEB0A239BD}
	EndGlobalSection
EndGlobal
